// !$*UTF8*$!
{
	archiveVersion = 1;
	classes = {
	};
	objectVersion = 56;
	objects = {

/* Begin PBXBuildFile section */
		A32052DD2A91FBE800681785 /* NewsCategory.swift in Sources */ = {isa = PBXBuildFile; fileRef = A32052DC2A91FBE800681785 /* NewsCategory.swift */; };
		A32052E12A926A1B00681785 /* ExploreView.swift in Sources */ = {isa = PBXBuildFile; fileRef = A32052E02A926A1B00681785 /* ExploreView.swift */; };
		A32052E32A9270A300681785 /* NewsCardView.swift in Sources */ = {isa = PBXBuildFile; fileRef = A32052E22A9270A300681785 /* NewsCardView.swift */; };
		A33255682A93B23C00CCEAE9 /* Jumbotron.swift in Sources */ = {isa = PBXBuildFile; fileRef = A33255672A93B23C00CCEAE9 /* Jumbotron.swift */; };
		A388AA1E2A8DDD1A0093375A /* KumparanNews_EvelApp.swift in Sources */ = {isa = PBXBuildFile; fileRef = A388AA1D2A8DDD1A0093375A /* KumparanNews_EvelApp.swift */; };
		A388AA202A8DDD1A0093375A /* ContentView.swift in Sources */ = {isa = PBXBuildFile; fileRef = A388AA1F2A8DDD1A0093375A /* ContentView.swift */; };
		A388AA222A8DDD1C0093375A /* Assets.xcassets in Resources */ = {isa = PBXBuildFile; fileRef = A388AA212A8DDD1C0093375A /* Assets.xcassets */; };
		A388AA252A8DDD1C0093375A /* Preview Assets.xcassets in Resources */ = {isa = PBXBuildFile; fileRef = A388AA242A8DDD1C0093375A /* Preview Assets.xcassets */; };
		A388AA2D2A8DDD430093375A /* NewsModel.swift in Sources */ = {isa = PBXBuildFile; fileRef = A388AA2C2A8DDD430093375A /* NewsModel.swift */; };
		A388AA2F2A8DDD520093375A /* NewsResponseModel.swift in Sources */ = {isa = PBXBuildFile; fileRef = A388AA2E2A8DDD520093375A /* NewsResponseModel.swift */; };
		A388AA322A8DE4E20093375A /* NewsViewModel.swift in Sources */ = {isa = PBXBuildFile; fileRef = A388AA312A8DE4E20093375A /* NewsViewModel.swift */; };
		A388AA352A8DE6E40093375A /* NewsRowView.swift in Sources */ = {isa = PBXBuildFile; fileRef = A388AA342A8DE6E40093375A /* NewsRowView.swift */; };
		A388AA372A8DE6F10093375A /* NewsListView.swift in Sources */ = {isa = PBXBuildFile; fileRef = A388AA362A8DE6F10093375A /* NewsListView.swift */; };
		A388AA392A8DE6FD0093375A /* NewsDetailView.swift in Sources */ = {isa = PBXBuildFile; fileRef = A388AA382A8DE6FD0093375A /* NewsDetailView.swift */; };
		A388AA3C2A8DEB0E0093375A /* DateFormatter.swift in Sources */ = {isa = PBXBuildFile; fileRef = A388AA3B2A8DEB0E0093375A /* DateFormatter.swift */; };
		A388AA3F2A8E2FE70093375A /* SearchEngine.swift in Sources */ = {isa = PBXBuildFile; fileRef = A388AA3E2A8E2FE70093375A /* SearchEngine.swift */; };
/* End PBXBuildFile section */

/* Begin PBXFileReference section */
		A32052DC2A91FBE800681785 /* NewsCategory.swift */ = {isa = PBXFileReference; lastKnownFileType = sourcecode.swift; path = NewsCategory.swift; sourceTree = "<group>"; };
		A32052E02A926A1B00681785 /* ExploreView.swift */ = {isa = PBXFileReference; lastKnownFileType = sourcecode.swift; path = ExploreView.swift; sourceTree = "<group>"; };
		A32052E22A9270A300681785 /* NewsCardView.swift */ = {isa = PBXFileReference; lastKnownFileType = sourcecode.swift; path = NewsCardView.swift; sourceTree = "<group>"; };
		A33255672A93B23C00CCEAE9 /* Jumbotron.swift */ = {isa = PBXFileReference; lastKnownFileType = sourcecode.swift; path = Jumbotron.swift; sourceTree = "<group>"; };
		A388AA1A2A8DDD1A0093375A /* KumparanNews-Evel.app */ = {isa = PBXFileReference; explicitFileType = wrapper.application; includeInIndex = 0; path = "KumparanNews-Evel.app"; sourceTree = BUILT_PRODUCTS_DIR; };
		A388AA1D2A8DDD1A0093375A /* KumparanNews_EvelApp.swift */ = {isa = PBXFileReference; lastKnownFileType = sourcecode.swift; path = KumparanNews_EvelApp.swift; sourceTree = "<group>"; };
		A388AA1F2A8DDD1A0093375A /* ContentView.swift */ = {isa = PBXFileReference; lastKnownFileType = sourcecode.swift; path = ContentView.swift; sourceTree = "<group>"; };
		A388AA212A8DDD1C0093375A /* Assets.xcassets */ = {isa = PBXFileReference; lastKnownFileType = folder.assetcatalog; path = Assets.xcassets; sourceTree = "<group>"; };
		A388AA242A8DDD1C0093375A /* Preview Assets.xcassets */ = {isa = PBXFileReference; lastKnownFileType = folder.assetcatalog; path = "Preview Assets.xcassets"; sourceTree = "<group>"; };
		A388AA2C2A8DDD430093375A /* NewsModel.swift */ = {isa = PBXFileReference; lastKnownFileType = sourcecode.swift; path = NewsModel.swift; sourceTree = "<group>"; };
		A388AA2E2A8DDD520093375A /* NewsResponseModel.swift */ = {isa = PBXFileReference; lastKnownFileType = sourcecode.swift; path = NewsResponseModel.swift; sourceTree = "<group>"; };
		A388AA312A8DE4E20093375A /* NewsViewModel.swift */ = {isa = PBXFileReference; lastKnownFileType = sourcecode.swift; path = NewsViewModel.swift; sourceTree = "<group>"; };
		A388AA342A8DE6E40093375A /* NewsRowView.swift */ = {isa = PBXFileReference; lastKnownFileType = sourcecode.swift; path = NewsRowView.swift; sourceTree = "<group>"; };
		A388AA362A8DE6F10093375A /* NewsListView.swift */ = {isa = PBXFileReference; lastKnownFileType = sourcecode.swift; path = NewsListView.swift; sourceTree = "<group>"; };
		A388AA382A8DE6FD0093375A /* NewsDetailView.swift */ = {isa = PBXFileReference; lastKnownFileType = sourcecode.swift; path = NewsDetailView.swift; sourceTree = "<group>"; };
		A388AA3B2A8DEB0E0093375A /* DateFormatter.swift */ = {isa = PBXFileReference; lastKnownFileType = sourcecode.swift; path = DateFormatter.swift; sourceTree = "<group>"; };
		A388AA3E2A8E2FE70093375A /* SearchEngine.swift */ = {isa = PBXFileReference; lastKnownFileType = sourcecode.swift; path = SearchEngine.swift; sourceTree = "<group>"; };
/* End PBXFileReference section */

/* Begin PBXFrameworksBuildPhase section */
		A388AA172A8DDD1A0093375A /* Frameworks */ = {
			isa = PBXFrameworksBuildPhase;
			buildActionMask = 2147483647;
			files = (
			);
			runOnlyForDeploymentPostprocessing = 0;
		};
/* End PBXFrameworksBuildPhase section */

/* Begin PBXGroup section */
		A388AA112A8DDD1A0093375A = {
			isa = PBXGroup;
			children = (
				A388AA1C2A8DDD1A0093375A /* KumparanNews-Evel */,
				A388AA1B2A8DDD1A0093375A /* Products */,
			);
			sourceTree = "<group>";
		};
		A388AA1B2A8DDD1A0093375A /* Products */ = {
			isa = PBXGroup;
			children = (
				A388AA1A2A8DDD1A0093375A /* KumparanNews-Evel.app */,
			);
			name = Products;
			sourceTree = "<group>";
		};
		A388AA1C2A8DDD1A0093375A /* KumparanNews-Evel */ = {
			isa = PBXGroup;
			children = (
				A388AA3D2A8E2FD30093375A /* Helper */,
				A388AA3A2A8DEAF20093375A /* Extensions */,
				A388AA332A8DE6BA0093375A /* ListNews */,
				A388AA302A8DE4C90093375A /* NewsViewModel */,
				A388AA2B2A8DDD2D0093375A /* Model */,
				A388AA1D2A8DDD1A0093375A /* KumparanNews_EvelApp.swift */,
				A388AA1F2A8DDD1A0093375A /* ContentView.swift */,
				A388AA212A8DDD1C0093375A /* Assets.xcassets */,
				A388AA232A8DDD1C0093375A /* Preview Content */,
			);
			path = "KumparanNews-Evel";
			sourceTree = "<group>";
		};
		A388AA232A8DDD1C0093375A /* Preview Content */ = {
			isa = PBXGroup;
			children = (
				A388AA242A8DDD1C0093375A /* Preview Assets.xcassets */,
			);
			path = "Preview Content";
			sourceTree = "<group>";
		};
		A388AA2B2A8DDD2D0093375A /* Model */ = {
			isa = PBXGroup;
			children = (
				A388AA2C2A8DDD430093375A /* NewsModel.swift */,
				A388AA2E2A8DDD520093375A /* NewsResponseModel.swift */,
			);
			path = Model;
			sourceTree = "<group>";
		};
		A388AA302A8DE4C90093375A /* NewsViewModel */ = {
			isa = PBXGroup;
			children = (
				A388AA312A8DE4E20093375A /* NewsViewModel.swift */,
			);
			path = NewsViewModel;
			sourceTree = "<group>";
		};
		A388AA332A8DE6BA0093375A /* ListNews */ = {
			isa = PBXGroup;
			children = (
				A33255672A93B23C00CCEAE9 /* Jumbotron.swift */,
				A32052E22A9270A300681785 /* NewsCardView.swift */,
				A388AA342A8DE6E40093375A /* NewsRowView.swift */,
				A388AA362A8DE6F10093375A /* NewsListView.swift */,
				A388AA382A8DE6FD0093375A /* NewsDetailView.swift */,
				A32052DC2A91FBE800681785 /* NewsCategory.swift */,
				A32052E02A926A1B00681785 /* ExploreView.swift */,
			);
			path = ListNews;
			sourceTree = "<group>";
		};
		A388AA3A2A8DEAF20093375A /* Extensions */ = {
			isa = PBXGroup;
			children = (
				A388AA3B2A8DEB0E0093375A /* DateFormatter.swift */,
			);
			path = Extensions;
			sourceTree = "<group>";
		};
		A388AA3D2A8E2FD30093375A /* Helper */ = {
			isa = PBXGroup;
			children = (
				A388AA3E2A8E2FE70093375A /* SearchEngine.swift */,
			);
			path = Helper;
			sourceTree = "<group>";
		};
/* End PBXGroup section */

/* Begin PBXNativeTarget section */
		A388AA192A8DDD1A0093375A /* KumparanNews-Evel */ = {
			isa = PBXNativeTarget;
			buildConfigurationList = A388AA282A8DDD1C0093375A /* Build configuration list for PBXNativeTarget "KumparanNews-Evel" */;
			buildPhases = (
				A388AA162A8DDD1A0093375A /* Sources */,
				A388AA172A8DDD1A0093375A /* Frameworks */,
				A388AA182A8DDD1A0093375A /* Resources */,
			);
			buildRules = (
			);
			dependencies = (
			);
			name = "KumparanNews-Evel";
			productName = "KumparanNews-Evel";
			productReference = A388AA1A2A8DDD1A0093375A /* KumparanNews-Evel.app */;
			productType = "com.apple.product-type.application";
		};
/* End PBXNativeTarget section */

/* Begin PBXProject section */
		A388AA122A8DDD1A0093375A /* Project object */ = {
			isa = PBXProject;
			attributes = {
				BuildIndependentTargetsInParallel = 1;
				LastSwiftUpdateCheck = 1420;
				LastUpgradeCheck = 1420;
				TargetAttributes = {
					A388AA192A8DDD1A0093375A = {
						CreatedOnToolsVersion = 14.2;
					};
				};
			};
			buildConfigurationList = A388AA152A8DDD1A0093375A /* Build configuration list for PBXProject "KumparanNews-Evel" */;
			compatibilityVersion = "Xcode 14.0";
			developmentRegion = en;
			hasScannedForEncodings = 0;
			knownRegions = (
				en,
				Base,
			);
			mainGroup = A388AA112A8DDD1A0093375A;
			productRefGroup = A388AA1B2A8DDD1A0093375A /* Products */;
			projectDirPath = "";
			projectRoot = "";
			targets = (
				A388AA192A8DDD1A0093375A /* KumparanNews-Evel */,
			);
		};
/* End PBXProject section */

/* Begin PBXResourcesBuildPhase section */
		A388AA182A8DDD1A0093375A /* Resources */ = {
			isa = PBXResourcesBuildPhase;
			buildActionMask = 2147483647;
			files = (
				A388AA252A8DDD1C0093375A /* Preview Assets.xcassets in Resources */,
				A388AA222A8DDD1C0093375A /* Assets.xcassets in Resources */,
			);
			runOnlyForDeploymentPostprocessing = 0;
		};
/* End PBXResourcesBuildPhase section */

/* Begin PBXSourcesBuildPhase section */
		A388AA162A8DDD1A0093375A /* Sources */ = {
			isa = PBXSourcesBuildPhase;
			buildActionMask = 2147483647;
			files = (
				A388AA3C2A8DEB0E0093375A /* DateFormatter.swift in Sources */,
				A32052DD2A91FBE800681785 /* NewsCategory.swift in Sources */,
				A388AA2D2A8DDD430093375A /* NewsModel.swift in Sources */,
				A388AA202A8DDD1A0093375A /* ContentView.swift in Sources */,
				A388AA392A8DE6FD0093375A /* NewsDetailView.swift in Sources */,
				A388AA352A8DE6E40093375A /* NewsRowView.swift in Sources */,
				A388AA3F2A8E2FE70093375A /* SearchEngine.swift in Sources */,
				A388AA372A8DE6F10093375A /* NewsListView.swift in Sources */,
				A388AA322A8DE4E20093375A /* NewsViewModel.swift in Sources */,
				A388AA1E2A8DDD1A0093375A /* KumparanNews_EvelApp.swift in Sources */,
				A33255682A93B23C00CCEAE9 /* Jumbotron.swift in Sources */,
				A32052E32A9270A300681785 /* NewsCardView.swift in Sources */,
				A32052E12A926A1B00681785 /* ExploreView.swift in Sources */,
				A388AA2F2A8DDD520093375A /* NewsResponseModel.swift in Sources */,
			);
			runOnlyForDeploymentPostprocessing = 0;
		};
/* End PBXSourcesBuildPhase section */

/* Begin XCBuildConfiguration section */
		A388AA262A8DDD1C0093375A /* Debug */ = {
			isa = XCBuildConfiguration;
			buildSettings = {
				ALWAYS_SEARCH_USER_PATHS = NO;
				CLANG_ANALYZER_NONNULL = YES;
				CLANG_ANALYZER_NUMBER_OBJECT_CONVERSION = YES_AGGRESSIVE;
				CLANG_CXX_LANGUAGE_STANDARD = "gnu++20";
				CLANG_ENABLE_MODULES = YES;
				CLANG_ENABLE_OBJC_ARC = YES;
				CLANG_ENABLE_OBJC_WEAK = YES;
				CLANG_WARN_BLOCK_CAPTURE_AUTORELEASING = YES;
				CLANG_WARN_BOOL_CONVERSION = YES;
				CLANG_WARN_COMMA = YES;
				CLANG_WARN_CONSTANT_CONVERSION = YES;
				CLANG_WARN_DEPRECATED_OBJC_IMPLEMENTATIONS = YES;
				CLANG_WARN_DIRECT_OBJC_ISA_USAGE = YES_ERROR;
				CLANG_WARN_DOCUMENTATION_COMMENTS = YES;
				CLANG_WARN_EMPTY_BODY = YES;
				CLANG_WARN_ENUM_CONVERSION = YES;
				CLANG_WARN_INFINITE_RECURSION = YES;
				CLANG_WARN_INT_CONVERSION = YES;
				CLANG_WARN_NON_LITERAL_NULL_CONVERSION = YES;
				CLANG_WARN_OBJC_IMPLICIT_RETAIN_SELF = YES;
				CLANG_WARN_OBJC_LITERAL_CONVERSION = YES;
				CLANG_WARN_OBJC_ROOT_CLASS = YES_ERROR;
				CLANG_WARN_QUOTED_INCLUDE_IN_FRAMEWORK_HEADER = YES;
				CLANG_WARN_RANGE_LOOP_ANALYSIS = YES;
				CLANG_WARN_STRICT_PROTOTYPES = YES;
				CLANG_WARN_SUSPICIOUS_MOVE = YES;
				CLANG_WARN_UNGUARDED_AVAILABILITY = YES_AGGRESSIVE;
				CLANG_WARN_UNREACHABLE_CODE = YES;
				CLANG_WARN__DUPLICATE_METHOD_MATCH = YES;
				COPY_PHASE_STRIP = NO;
				DEBUG_INFORMATION_FORMAT = dwarf;
				ENABLE_STRICT_OBJC_MSGSEND = YES;
				ENABLE_TESTABILITY = YES;
				GCC_C_LANGUAGE_STANDARD = gnu11;
				GCC_DYNAMIC_NO_PIC = NO;
				GCC_NO_COMMON_BLOCKS = YES;
				GCC_OPTIMIZATION_LEVEL = 0;
				GCC_PREPROCESSOR_DEFINITIONS = (
					"DEBUG=1",
					"$(inherited)",
				);
				GCC_WARN_64_TO_32_BIT_CONVERSION = YES;
				GCC_WARN_ABOUT_RETURN_TYPE = YES_ERROR;
				GCC_WARN_UNDECLARED_SELECTOR = YES;
				GCC_WARN_UNINITIALIZED_AUTOS = YES_AGGRESSIVE;
				GCC_WARN_UNUSED_FUNCTION = YES;
				GCC_WARN_UNUSED_VARIABLE = YES;
				IPHONEOS_DEPLOYMENT_TARGET = 16.2;
				MTL_ENABLE_DEBUG_INFO = INCLUDE_SOURCE;
				MTL_FAST_MATH = YES;
				ONLY_ACTIVE_ARCH = YES;
				SDKROOT = iphoneos;
				SWIFT_ACTIVE_COMPILATION_CONDITIONS = DEBUG;
				SWIFT_OPTIMIZATION_LEVEL = "-Onone";
			};
			name = Debug;
		};
		A388AA272A8DDD1C0093375A /* Release */ = {
			isa = XCBuildConfiguration;
			buildSettings = {
				ALWAYS_SEARCH_USER_PATHS = NO;
				CLANG_ANALYZER_NONNULL = YES;
				CLANG_ANALYZER_NUMBER_OBJECT_CONVERSION = YES_AGGRESSIVE;
				CLANG_CXX_LANGUAGE_STANDARD = "gnu++20";
				CLANG_ENABLE_MODULES = YES;
				CLANG_ENABLE_OBJC_ARC = YES;
				CLANG_ENABLE_OBJC_WEAK = YES;
				CLANG_WARN_BLOCK_CAPTURE_AUTORELEASING = YES;
				CLANG_WARN_BOOL_CONVERSION = YES;
				CLANG_WARN_COMMA = YES;
				CLANG_WARN_CONSTANT_CONVERSION = YES;
				CLANG_WARN_DEPRECATED_OBJC_IMPLEMENTATIONS = YES;
				CLANG_WARN_DIRECT_OBJC_ISA_USAGE = YES_ERROR;
				CLANG_WARN_DOCUMENTATION_COMMENTS = YES;
				CLANG_WARN_EMPTY_BODY = YES;
				CLANG_WARN_ENUM_CONVERSION = YES;
				CLANG_WARN_INFINITE_RECURSION = YES;
				CLANG_WARN_INT_CONVERSION = YES;
				CLANG_WARN_NON_LITERAL_NULL_CONVERSION = YES;
				CLANG_WARN_OBJC_IMPLICIT_RETAIN_SELF = YES;
				CLANG_WARN_OBJC_LITERAL_CONVERSION = YES;
				CLANG_WARN_OBJC_ROOT_CLASS = YES_ERROR;
				CLANG_WARN_QUOTED_INCLUDE_IN_FRAMEWORK_HEADER = YES;
				CLANG_WARN_RANGE_LOOP_ANALYSIS = YES;
				CLANG_WARN_STRICT_PROTOTYPES = YES;
				CLANG_WARN_SUSPICIOUS_MOVE = YES;
				CLANG_WARN_UNGUARDED_AVAILABILITY = YES_AGGRESSIVE;
				CLANG_WARN_UNREACHABLE_CODE = YES;
				CLANG_WARN__DUPLICATE_METHOD_MATCH = YES;
				COPY_PHASE_STRIP = NO;
				DEBUG_INFORMATION_FORMAT = "dwarf-with-dsym";
				ENABLE_NS_ASSERTIONS = NO;
				ENABLE_STRICT_OBJC_MSGSEND = YES;
				GCC_C_LANGUAGE_STANDARD = gnu11;
				GCC_NO_COMMON_BLOCKS = YES;
				GCC_WARN_64_TO_32_BIT_CONVERSION = YES;
				GCC_WARN_ABOUT_RETURN_TYPE = YES_ERROR;
				GCC_WARN_UNDECLARED_SELECTOR = YES;
				GCC_WARN_UNINITIALIZED_AUTOS = YES_AGGRESSIVE;
				GCC_WARN_UNUSED_FUNCTION = YES;
				GCC_WARN_UNUSED_VARIABLE = YES;
				IPHONEOS_DEPLOYMENT_TARGET = 16.2;
				MTL_ENABLE_DEBUG_INFO = NO;
				MTL_FAST_MATH = YES;
				SDKROOT = iphoneos;
				SWIFT_COMPILATION_MODE = wholemodule;
				SWIFT_OPTIMIZATION_LEVEL = "-O";
				VALIDATE_PRODUCT = YES;
			};
			name = Release;
		};
		A388AA292A8DDD1C0093375A /* Debug */ = {
			isa = XCBuildConfiguration;
			buildSettings = {
				ASSETCATALOG_COMPILER_APPICON_NAME = AppIcon;
				ASSETCATALOG_COMPILER_GLOBAL_ACCENT_COLOR_NAME = AccentColor;
				CODE_SIGN_STYLE = Automatic;
				CURRENT_PROJECT_VERSION = 1;
				DEVELOPMENT_ASSET_PATHS = "\"KumparanNews-Evel/Preview Content\"";
				ENABLE_PREVIEWS = YES;
				GENERATE_INFOPLIST_FILE = YES;
				INFOPLIST_KEY_UIApplicationSceneManifest_Generation = YES;
				INFOPLIST_KEY_UIApplicationSupportsIndirectInputEvents = YES;
				INFOPLIST_KEY_UILaunchScreen_Generation = YES;
				INFOPLIST_KEY_UISupportedInterfaceOrientations_iPad = "UIInterfaceOrientationPortrait UIInterfaceOrientationPortraitUpsideDown UIInterfaceOrientationLandscapeLeft UIInterfaceOrientationLandscapeRight";
				INFOPLIST_KEY_UISupportedInterfaceOrientations_iPhone = "UIInterfaceOrientationPortrait UIInterfaceOrientationLandscapeLeft UIInterfaceOrientationLandscapeRight";
				LD_RUNPATH_SEARCH_PATHS = (
					"$(inherited)",
					"@executable_path/Frameworks",
				);
				MARKETING_VERSION = 1.0;
				PRODUCT_BUNDLE_IDENTIFIER = "com.day1.KumparanNews-Evel";
				PRODUCT_NAME = "$(TARGET_NAME)";
				SWIFT_EMIT_LOC_STRINGS = YES;
				SWIFT_VERSION = 5.0;
				TARGETED_DEVICE_FAMILY = "1,2";
			};
			name = Debug;
		};
		A388AA2A2A8DDD1C0093375A /* Release */ = {
			isa = XCBuildConfiguration;
			buildSettings = {
				ASSETCATALOG_COMPILER_APPICON_NAME = AppIcon;
				ASSETCATALOG_COMPILER_GLOBAL_ACCENT_COLOR_NAME = AccentColor;
				CODE_SIGN_STYLE = Automatic;
				CURRENT_PROJECT_VERSION = 1;
				DEVELOPMENT_ASSET_PATHS = "\"KumparanNews-Evel/Preview Content\"";
				ENABLE_PREVIEWS = YES;
				GENERATE_INFOPLIST_FILE = YES;
				INFOPLIST_KEY_UIApplicationSceneManifest_Generation = YES;
				INFOPLIST_KEY_UIApplicationSupportsIndirectInputEvents = YES;
				INFOPLIST_KEY_UILaunchScreen_Generation = YES;
				INFOPLIST_KEY_UISupportedInterfaceOrientations_iPad = "UIInterfaceOrientationPortrait UIInterfaceOrientationPortraitUpsideDown UIInterfaceOrientationLandscapeLeft UIInterfaceOrientationLandscapeRight";
				INFOPLIST_KEY_UISupportedInterfaceOrientations_iPhone = "UIInterfaceOrientationPortrait UIInterfaceOrientationLandscapeLeft UIInterfaceOrientationLandscapeRight";
				LD_RUNPATH_SEARCH_PATHS = (
					"$(inherited)",
					"@executable_path/Frameworks",
				);
				MARKETING_VERSION = 1.0;
				PRODUCT_BUNDLE_IDENTIFIER = "com.day1.KumparanNews-Evel";
				PRODUCT_NAME = "$(TARGET_NAME)";
				SWIFT_EMIT_LOC_STRINGS = YES;
				SWIFT_VERSION = 5.0;
				TARGETED_DEVICE_FAMILY = "1,2";
			};
			name = Release;
		};
/* End XCBuildConfiguration section */

/* Begin XCConfigurationList section */
		A388AA152A8DDD1A0093375A /* Build configuration list for PBXProject "KumparanNews-Evel" */ = {
			isa = XCConfigurationList;
			buildConfigurations = (
				A388AA262A8DDD1C0093375A /* Debug */,
				A388AA272A8DDD1C0093375A /* Release */,
			);
			defaultConfigurationIsVisible = 0;
			defaultConfigurationName = Release;
		};
		A388AA282A8DDD1C0093375A /* Build configuration list for PBXNativeTarget "KumparanNews-Evel" */ = {
			isa = XCConfigurationList;
			buildConfigurations = (
				A388AA292A8DDD1C0093375A /* Debug */,
				A388AA2A2A8DDD1C0093375A /* Release */,
			);
			defaultConfigurationIsVisible = 0;
			defaultConfigurationName = Release;
		};
/* End XCConfigurationList section */
	};
	rootObject = A388AA122A8DDD1A0093375A /* Project object */;
}
